// !$*UTF8*$!
{
	archiveVersion = 1;
	classes = {
	};
	objectVersion = 56;
	objects = {

/* Begin PBXBuildFile section */
		1B037D252B54FA22009323C4 /* AppDelegate.swift in Sources */ = {isa = PBXBuildFile; fileRef = 1B037D242B54FA22009323C4 /* AppDelegate.swift */; };
		1B037D272B54FA22009323C4 /* SceneDelegate.swift in Sources */ = {isa = PBXBuildFile; fileRef = 1B037D262B54FA22009323C4 /* SceneDelegate.swift */; };
		1B037D292B54FA22009323C4 /* MainViewController.swift in Sources */ = {isa = PBXBuildFile; fileRef = 1B037D282B54FA22009323C4 /* MainViewController.swift */; };
		1B037D2E2B54FA23009323C4 /* Assets.xcassets in Resources */ = {isa = PBXBuildFile; fileRef = 1B037D2D2B54FA23009323C4 /* Assets.xcassets */; };
		1B037D312B54FA23009323C4 /* LaunchScreen.storyboard in Resources */ = {isa = PBXBuildFile; fileRef = 1B037D2F2B54FA23009323C4 /* LaunchScreen.storyboard */; };
		1B037D442B551D40009323C4 /* MovieAPI.swift in Sources */ = {isa = PBXBuildFile; fileRef = 1B037D432B551D40009323C4 /* MovieAPI.swift */; };
		1B037D462B552082009323C4 /* MovieAPIModel.swift in Sources */ = {isa = PBXBuildFile; fileRef = 1B037D452B552082009323C4 /* MovieAPIModel.swift */; };
		1B037D4B2B56122B009323C4 /* MovieInfo.plist in Resources */ = {isa = PBXBuildFile; fileRef = 1B037D4A2B56122B009323C4 /* MovieInfo.plist */; };
		1B037D4E2B5612B8009323C4 /* NBCAMPMovieTeam1++Bundle.swift in Sources */ = {isa = PBXBuildFile; fileRef = 1B037D4D2B5612B8009323C4 /* NBCAMPMovieTeam1++Bundle.swift */; };
		1B037D502B562B8E009323C4 /* DetailMovieAPIModel.swift in Sources */ = {isa = PBXBuildFile; fileRef = 1B037D4F2B562B8E009323C4 /* DetailMovieAPIModel.swift */; };
		1B037D522B562CB0009323C4 /* DetailMovieAPI.swift in Sources */ = {isa = PBXBuildFile; fileRef = 1B037D512B562CB0009323C4 /* DetailMovieAPI.swift */; };
		1B037D552B5664CC009323C4 /* DetailMovieViewController.swift in Sources */ = {isa = PBXBuildFile; fileRef = 1B037D542B5664CC009323C4 /* DetailMovieViewController.swift */; };
		1B037D582B56677B009323C4 /* DetailMovieView.swift in Sources */ = {isa = PBXBuildFile; fileRef = 1B037D572B56677B009323C4 /* DetailMovieView.swift */; };
		1B037D5B2B567B8D009323C4 /* PointButton.swift in Sources */ = {isa = PBXBuildFile; fileRef = 1B037D5A2B567B8D009323C4 /* PointButton.swift */; };
		1B037D5E2B56904E009323C4 /* PaymentViewController.swift in Sources */ = {isa = PBXBuildFile; fileRef = 1B037D5D2B56904E009323C4 /* PaymentViewController.swift */; };
		1B037D612B576A91009323C4 /* MovieListViewController.swift in Sources */ = {isa = PBXBuildFile; fileRef = 1B037D602B576A91009323C4 /* MovieListViewController.swift */; };
		1B037D642B576AC8009323C4 /* MypageViewController.swift in Sources */ = {isa = PBXBuildFile; fileRef = 1B037D632B576AC8009323C4 /* MypageViewController.swift */; };
		1B037D672B576B0B009323C4 /* SignUserView.swift in Sources */ = {isa = PBXBuildFile; fileRef = 1B037D662B576B0B009323C4 /* SignUserView.swift */; };
		1B037D6C2B5771D2009323C4 /* MovieListCollectionView.swift in Sources */ = {isa = PBXBuildFile; fileRef = 1B037D6B2B5771D2009323C4 /* MovieListCollectionView.swift */; };
		1B037D702B577DAA009323C4 /* PaymentView.swift in Sources */ = {isa = PBXBuildFile; fileRef = 1B037D6F2B577DAA009323C4 /* PaymentView.swift */; };
		1B037D742B57A321009323C4 /* MovieSectionLabel.swift in Sources */ = {isa = PBXBuildFile; fileRef = 1B037D732B57A320009323C4 /* MovieSectionLabel.swift */; };
		1B037D7A2B57BBBF009323C4 /* MovieListCollectionViewCell.swift in Sources */ = {isa = PBXBuildFile; fileRef = 1B037D792B57BBBF009323C4 /* MovieListCollectionViewCell.swift */; };
		1B037D812B580107009323C4 /* SearchController.swift in Sources */ = {isa = PBXBuildFile; fileRef = 1B037D802B580107009323C4 /* SearchController.swift */; };
		1B037D832B58011B009323C4 /* SearchManager.swift in Sources */ = {isa = PBXBuildFile; fileRef = 1B037D822B58011B009323C4 /* SearchManager.swift */; };
		1B037D852B580139009323C4 /* SearchViewController.swift in Sources */ = {isa = PBXBuildFile; fileRef = 1B037D842B580139009323C4 /* SearchViewController.swift */; };
		1B037D882B58015D009323C4 /* CollectionViewCell.swift in Sources */ = {isa = PBXBuildFile; fileRef = 1B037D872B58015D009323C4 /* CollectionViewCell.swift */; };
		1B037D8A2B580176009323C4 /* CustomCollectionView.swift in Sources */ = {isa = PBXBuildFile; fileRef = 1B037D892B580176009323C4 /* CustomCollectionView.swift */; };
		1B037D8C2B58362E009323C4 /* MovieListManager.swift in Sources */ = {isa = PBXBuildFile; fileRef = 1B037D8B2B58362E009323C4 /* MovieListManager.swift */; };
/* End PBXBuildFile section */

/* Begin PBXFileReference section */
		1B037D212B54FA22009323C4 /* NBCAMP-movie-team1.app */ = {isa = PBXFileReference; explicitFileType = wrapper.application; includeInIndex = 0; path = "NBCAMP-movie-team1.app"; sourceTree = BUILT_PRODUCTS_DIR; };
		1B037D242B54FA22009323C4 /* AppDelegate.swift */ = {isa = PBXFileReference; lastKnownFileType = sourcecode.swift; path = AppDelegate.swift; sourceTree = "<group>"; };
		1B037D262B54FA22009323C4 /* SceneDelegate.swift */ = {isa = PBXFileReference; lastKnownFileType = sourcecode.swift; path = SceneDelegate.swift; sourceTree = "<group>"; };
		1B037D282B54FA22009323C4 /* MainViewController.swift */ = {isa = PBXFileReference; lastKnownFileType = sourcecode.swift; path = MainViewController.swift; sourceTree = "<group>"; };
		1B037D2D2B54FA23009323C4 /* Assets.xcassets */ = {isa = PBXFileReference; lastKnownFileType = folder.assetcatalog; path = Assets.xcassets; sourceTree = "<group>"; };
		1B037D302B54FA23009323C4 /* Base */ = {isa = PBXFileReference; lastKnownFileType = file.storyboard; name = Base; path = Base.lproj/LaunchScreen.storyboard; sourceTree = "<group>"; };
		1B037D322B54FA23009323C4 /* Info.plist */ = {isa = PBXFileReference; lastKnownFileType = text.plist.xml; path = Info.plist; sourceTree = "<group>"; };
		1B037D432B551D40009323C4 /* MovieAPI.swift */ = {isa = PBXFileReference; lastKnownFileType = sourcecode.swift; path = MovieAPI.swift; sourceTree = "<group>"; };
		1B037D452B552082009323C4 /* MovieAPIModel.swift */ = {isa = PBXFileReference; lastKnownFileType = sourcecode.swift; path = MovieAPIModel.swift; sourceTree = "<group>"; };
		1B037D4A2B56122B009323C4 /* MovieInfo.plist */ = {isa = PBXFileReference; lastKnownFileType = text.plist.xml; path = MovieInfo.plist; sourceTree = "<group>"; };
		1B037D4D2B5612B8009323C4 /* NBCAMPMovieTeam1++Bundle.swift */ = {isa = PBXFileReference; lastKnownFileType = sourcecode.swift; path = "NBCAMPMovieTeam1++Bundle.swift"; sourceTree = "<group>"; };
		1B037D4F2B562B8E009323C4 /* DetailMovieAPIModel.swift */ = {isa = PBXFileReference; lastKnownFileType = sourcecode.swift; path = DetailMovieAPIModel.swift; sourceTree = "<group>"; };
		1B037D512B562CB0009323C4 /* DetailMovieAPI.swift */ = {isa = PBXFileReference; lastKnownFileType = sourcecode.swift; path = DetailMovieAPI.swift; sourceTree = "<group>"; };
		1B037D542B5664CC009323C4 /* DetailMovieViewController.swift */ = {isa = PBXFileReference; lastKnownFileType = sourcecode.swift; path = DetailMovieViewController.swift; sourceTree = "<group>"; };
		1B037D572B56677B009323C4 /* DetailMovieView.swift */ = {isa = PBXFileReference; lastKnownFileType = sourcecode.swift; path = DetailMovieView.swift; sourceTree = "<group>"; };
		1B037D5A2B567B8D009323C4 /* PointButton.swift */ = {isa = PBXFileReference; lastKnownFileType = sourcecode.swift; path = PointButton.swift; sourceTree = "<group>"; };
		1B037D5D2B56904E009323C4 /* PaymentViewController.swift */ = {isa = PBXFileReference; lastKnownFileType = sourcecode.swift; path = PaymentViewController.swift; sourceTree = "<group>"; };
		1B037D602B576A91009323C4 /* MovieListViewController.swift */ = {isa = PBXFileReference; lastKnownFileType = sourcecode.swift; path = MovieListViewController.swift; sourceTree = "<group>"; };
		1B037D632B576AC8009323C4 /* MypageViewController.swift */ = {isa = PBXFileReference; lastKnownFileType = sourcecode.swift; path = MypageViewController.swift; sourceTree = "<group>"; };
		1B037D662B576B0B009323C4 /* SignUserView.swift */ = {isa = PBXFileReference; lastKnownFileType = sourcecode.swift; path = SignUserView.swift; sourceTree = "<group>"; };
		1B037D6B2B5771D2009323C4 /* MovieListCollectionView.swift */ = {isa = PBXFileReference; lastKnownFileType = sourcecode.swift; path = MovieListCollectionView.swift; sourceTree = "<group>"; };
		1B037D6F2B577DAA009323C4 /* PaymentView.swift */ = {isa = PBXFileReference; lastKnownFileType = sourcecode.swift; path = PaymentView.swift; sourceTree = "<group>"; };
		1B037D732B57A320009323C4 /* MovieSectionLabel.swift */ = {isa = PBXFileReference; lastKnownFileType = sourcecode.swift; path = MovieSectionLabel.swift; sourceTree = "<group>"; };
		1B037D792B57BBBF009323C4 /* MovieListCollectionViewCell.swift */ = {isa = PBXFileReference; lastKnownFileType = sourcecode.swift; path = MovieListCollectionViewCell.swift; sourceTree = "<group>"; };
		1B037D802B580107009323C4 /* SearchController.swift */ = {isa = PBXFileReference; lastKnownFileType = sourcecode.swift; path = SearchController.swift; sourceTree = "<group>"; };
		1B037D822B58011B009323C4 /* SearchManager.swift */ = {isa = PBXFileReference; lastKnownFileType = sourcecode.swift; path = SearchManager.swift; sourceTree = "<group>"; };
		1B037D842B580139009323C4 /* SearchViewController.swift */ = {isa = PBXFileReference; lastKnownFileType = sourcecode.swift; path = SearchViewController.swift; sourceTree = "<group>"; };
		1B037D872B58015D009323C4 /* CollectionViewCell.swift */ = {isa = PBXFileReference; lastKnownFileType = sourcecode.swift; path = CollectionViewCell.swift; sourceTree = "<group>"; };
		1B037D892B580176009323C4 /* CustomCollectionView.swift */ = {isa = PBXFileReference; lastKnownFileType = sourcecode.swift; path = CustomCollectionView.swift; sourceTree = "<group>"; };
		1B037D8B2B58362E009323C4 /* MovieListManager.swift */ = {isa = PBXFileReference; lastKnownFileType = sourcecode.swift; path = MovieListManager.swift; sourceTree = "<group>"; };
/* End PBXFileReference section */

/* Begin PBXFrameworksBuildPhase section */
		1B037D1E2B54FA22009323C4 /* Frameworks */ = {
			isa = PBXFrameworksBuildPhase;
			buildActionMask = 2147483647;
			files = (
			);
			runOnlyForDeploymentPostprocessing = 0;
		};
/* End PBXFrameworksBuildPhase section */

/* Begin PBXGroup section */
		1B037D182B54FA22009323C4 = {
			isa = PBXGroup;
			children = (
				1B037D232B54FA22009323C4 /* NBCAMP-movie-team1 */,
				1B037D222B54FA22009323C4 /* Products */,
			);
			sourceTree = "<group>";
		};
		1B037D222B54FA22009323C4 /* Products */ = {
			isa = PBXGroup;
			children = (
				1B037D212B54FA22009323C4 /* NBCAMP-movie-team1.app */,
			);
			name = Products;
			sourceTree = "<group>";
		};
		1B037D232B54FA22009323C4 /* NBCAMP-movie-team1 */ = {
			isa = PBXGroup;
			children = (
				1B037D382B54FA27009323C4 /* Global */,
				1B037D3B2B54FA3F009323C4 /* Presentation */,
				1B037D322B54FA23009323C4 /* Info.plist */,
				1B037D4A2B56122B009323C4 /* MovieInfo.plist */,
			);
			path = "NBCAMP-movie-team1";
			sourceTree = "<group>";
		};
		1B037D382B54FA27009323C4 /* Global */ = {
			isa = PBXGroup;
			children = (
				1B037D392B54FA2E009323C4 /* App */,
				1B037D592B567B7A009323C4 /* Components */,
				1B037D3A2B54FA33009323C4 /* Support */,
			);
			path = Global;
			sourceTree = "<group>";
		};
		1B037D392B54FA2E009323C4 /* App */ = {
			isa = PBXGroup;
			children = (
				1B037D4D2B5612B8009323C4 /* NBCAMPMovieTeam1++Bundle.swift */,
				1B037D242B54FA22009323C4 /* AppDelegate.swift */,
				1B037D262B54FA22009323C4 /* SceneDelegate.swift */,
			);
			path = App;
			sourceTree = "<group>";
		};
		1B037D3A2B54FA33009323C4 /* Support */ = {
			isa = PBXGroup;
			children = (
				1B037D2D2B54FA23009323C4 /* Assets.xcassets */,
				1B037D2F2B54FA23009323C4 /* LaunchScreen.storyboard */,
			);
			path = Support;
			sourceTree = "<group>";
		};
		1B037D3B2B54FA3F009323C4 /* Presentation */ = {
			isa = PBXGroup;
			children = (
				1B037D422B551D33009323C4 /* Networking */,
				1B037D3F2B54FBB3009323C4 /* Model */,
				1B037D3E2B54FBAE009323C4 /* View */,
				1B037D3C2B54FA46009323C4 /* ViewController */,
			);
			path = Presentation;
			sourceTree = "<group>";
		};
		1B037D3C2B54FA46009323C4 /* ViewController */ = {
			isa = PBXGroup;
			children = (
				1B037D7B2B5800B2009323C4 /* Search */,
				1B037D5F2B576A86009323C4 /* MovieList */,
				1B037D532B5664BB009323C4 /* DetailMovie */,
				1B037D5C2B569040009323C4 /* Payment */,
				1B037D622B576AC0009323C4 /* Mypage */,
				1B037D3D2B54FBA3009323C4 /* Main */,
			);
			path = ViewController;
			sourceTree = "<group>";
		};
		1B037D3D2B54FBA3009323C4 /* Main */ = {
			isa = PBXGroup;
			children = (
				1B037D282B54FA22009323C4 /* MainViewController.swift */,
			);
			path = Main;
			sourceTree = "<group>";
		};
		1B037D3E2B54FBAE009323C4 /* View */ = {
			isa = PBXGroup;
			children = (
				1B037D862B58014A009323C4 /* Search */,
				1B037D6A2B5771C7009323C4 /* MovieList */,
				1B037D562B56676D009323C4 /* DetailMovie */,
				1B037D6E2B577D9C009323C4 /* Payment */,
				1B037D652B576AFC009323C4 /* User */,
			);
			path = View;
			sourceTree = "<group>";
		};
		1B037D3F2B54FBB3009323C4 /* Model */ = {
			isa = PBXGroup;
			children = (
				1B037D452B552082009323C4 /* MovieAPIModel.swift */,
				1B037D4F2B562B8E009323C4 /* DetailMovieAPIModel.swift */,
			);
			path = Model;
			sourceTree = "<group>";
		};
		1B037D422B551D33009323C4 /* Networking */ = {
			isa = PBXGroup;
			children = (
				1B037D432B551D40009323C4 /* MovieAPI.swift */,
				1B037D512B562CB0009323C4 /* DetailMovieAPI.swift */,
			);
			path = Networking;
			sourceTree = "<group>";
		};
		1B037D532B5664BB009323C4 /* DetailMovie */ = {
			isa = PBXGroup;
			children = (
				1B037D542B5664CC009323C4 /* DetailMovieViewController.swift */,
			);
			path = DetailMovie;
			sourceTree = "<group>";
		};
		1B037D562B56676D009323C4 /* DetailMovie */ = {
			isa = PBXGroup;
			children = (
				1B037D572B56677B009323C4 /* DetailMovieView.swift */,
			);
			path = DetailMovie;
			sourceTree = "<group>";
		};
		1B037D592B567B7A009323C4 /* Components */ = {
			isa = PBXGroup;
			children = (
				1B037D5A2B567B8D009323C4 /* PointButton.swift */,
				1B037D732B57A320009323C4 /* MovieSectionLabel.swift */,
			);
			path = Components;
			sourceTree = "<group>";
		};
		1B037D5C2B569040009323C4 /* Payment */ = {
			isa = PBXGroup;
			children = (
				1B037D5D2B56904E009323C4 /* PaymentViewController.swift */,
			);
			path = Payment;
			sourceTree = "<group>";
		};
		1B037D5F2B576A86009323C4 /* MovieList */ = {
			isa = PBXGroup;
			children = (
				1B037D8B2B58362E009323C4 /* MovieListManager.swift */,
				1B037D602B576A91009323C4 /* MovieListViewController.swift */,
			);
			path = MovieList;
			sourceTree = "<group>";
		};
		1B037D622B576AC0009323C4 /* Mypage */ = {
			isa = PBXGroup;
			children = (
				1B037D632B576AC8009323C4 /* MypageViewController.swift */,
			);
			path = Mypage;
			sourceTree = "<group>";
		};
		1B037D652B576AFC009323C4 /* User */ = {
			isa = PBXGroup;
			children = (
				1B037D662B576B0B009323C4 /* SignUserView.swift */,
			);
			path = User;
			sourceTree = "<group>";
		};
		1B037D6A2B5771C7009323C4 /* MovieList */ = {
			isa = PBXGroup;
			children = (
				1B037D6B2B5771D2009323C4 /* MovieListCollectionView.swift */,
				1B037D792B57BBBF009323C4 /* MovieListCollectionViewCell.swift */,
			);
			path = MovieList;
			sourceTree = "<group>";
		};
		1B037D6E2B577D9C009323C4 /* Payment */ = {
			isa = PBXGroup;
			children = (
				1B037D6F2B577DAA009323C4 /* PaymentView.swift */,
			);
			path = Payment;
			sourceTree = "<group>";
		};
		1B037D7B2B5800B2009323C4 /* Search */ = {
			isa = PBXGroup;
			children = (
				1B037D802B580107009323C4 /* SearchController.swift */,
				1B037D822B58011B009323C4 /* SearchManager.swift */,
				1B037D842B580139009323C4 /* SearchViewController.swift */,
			);
			path = Search;
			sourceTree = "<group>";
		};
		1B037D862B58014A009323C4 /* Search */ = {
			isa = PBXGroup;
			children = (
				1B037D872B58015D009323C4 /* CollectionViewCell.swift */,
				1B037D892B580176009323C4 /* CustomCollectionView.swift */,
			);
			path = Search;
			sourceTree = "<group>";
		};
/* End PBXGroup section */

/* Begin PBXNativeTarget section */
		1B037D202B54FA22009323C4 /* NBCAMP-movie-team1 */ = {
			isa = PBXNativeTarget;
			buildConfigurationList = 1B037D352B54FA23009323C4 /* Build configuration list for PBXNativeTarget "NBCAMP-movie-team1" */;
			buildPhases = (
				1B037D1D2B54FA22009323C4 /* Sources */,
				1B037D1E2B54FA22009323C4 /* Frameworks */,
				1B037D1F2B54FA22009323C4 /* Resources */,
			);
			buildRules = (
			);
			dependencies = (
			);
			name = "NBCAMP-movie-team1";
			productName = "NBCAMP-movie-team1";
			productReference = 1B037D212B54FA22009323C4 /* NBCAMP-movie-team1.app */;
			productType = "com.apple.product-type.application";
		};
/* End PBXNativeTarget section */

/* Begin PBXProject section */
		1B037D192B54FA22009323C4 /* Project object */ = {
			isa = PBXProject;
			attributes = {
				BuildIndependentTargetsInParallel = 1;
				LastSwiftUpdateCheck = 1500;
				LastUpgradeCheck = 1500;
				TargetAttributes = {
					1B037D202B54FA22009323C4 = {
						CreatedOnToolsVersion = 15.0.1;
					};
				};
			};
			buildConfigurationList = 1B037D1C2B54FA22009323C4 /* Build configuration list for PBXProject "NBCAMP-movie-team1" */;
			compatibilityVersion = "Xcode 14.0";
			developmentRegion = en;
			hasScannedForEncodings = 0;
			knownRegions = (
				en,
				Base,
			);
			mainGroup = 1B037D182B54FA22009323C4;
			productRefGroup = 1B037D222B54FA22009323C4 /* Products */;
			projectDirPath = "";
			projectRoot = "";
			targets = (
				1B037D202B54FA22009323C4 /* NBCAMP-movie-team1 */,
			);
		};
/* End PBXProject section */

/* Begin PBXResourcesBuildPhase section */
		1B037D1F2B54FA22009323C4 /* Resources */ = {
			isa = PBXResourcesBuildPhase;
			buildActionMask = 2147483647;
			files = (
				1B037D312B54FA23009323C4 /* LaunchScreen.storyboard in Resources */,
				1B037D4B2B56122B009323C4 /* MovieInfo.plist in Resources */,
				1B037D2E2B54FA23009323C4 /* Assets.xcassets in Resources */,
			);
			runOnlyForDeploymentPostprocessing = 0;
		};
/* End PBXResourcesBuildPhase section */

/* Begin PBXSourcesBuildPhase section */
		1B037D1D2B54FA22009323C4 /* Sources */ = {
			isa = PBXSourcesBuildPhase;
			buildActionMask = 2147483647;
			files = (
				1B037D582B56677B009323C4 /* DetailMovieView.swift in Sources */,
				1B037D832B58011B009323C4 /* SearchManager.swift in Sources */,
				1B037D8C2B58362E009323C4 /* MovieListManager.swift in Sources */,
				1B037D742B57A321009323C4 /* MovieSectionLabel.swift in Sources */,
				1B037D552B5664CC009323C4 /* DetailMovieViewController.swift in Sources */,
				1B037D8A2B580176009323C4 /* CustomCollectionView.swift in Sources */,
				1B037D882B58015D009323C4 /* CollectionViewCell.swift in Sources */,
				1B037D5E2B56904E009323C4 /* PaymentViewController.swift in Sources */,
				1B037D612B576A91009323C4 /* MovieListViewController.swift in Sources */,
				1B037D292B54FA22009323C4 /* MainViewController.swift in Sources */,
				1B037D6C2B5771D2009323C4 /* MovieListCollectionView.swift in Sources */,
				1B037D7A2B57BBBF009323C4 /* MovieListCollectionViewCell.swift in Sources */,
				1B037D5B2B567B8D009323C4 /* PointButton.swift in Sources */,
				1B037D672B576B0B009323C4 /* SignUserView.swift in Sources */,
				1B037D442B551D40009323C4 /* MovieAPI.swift in Sources */,
				1B037D702B577DAA009323C4 /* PaymentView.swift in Sources */,
				1B037D4E2B5612B8009323C4 /* NBCAMPMovieTeam1++Bundle.swift in Sources */,
				1B037D502B562B8E009323C4 /* DetailMovieAPIModel.swift in Sources */,
				1B037D642B576AC8009323C4 /* MypageViewController.swift in Sources */,
				1B037D852B580139009323C4 /* SearchViewController.swift in Sources */,
				1B037D522B562CB0009323C4 /* DetailMovieAPI.swift in Sources */,
				1B037D462B552082009323C4 /* MovieAPIModel.swift in Sources */,
				1B037D812B580107009323C4 /* SearchController.swift in Sources */,
				1B037D252B54FA22009323C4 /* AppDelegate.swift in Sources */,
				1B037D272B54FA22009323C4 /* SceneDelegate.swift in Sources */,
			);
			runOnlyForDeploymentPostprocessing = 0;
		};
/* End PBXSourcesBuildPhase section */

/* Begin PBXVariantGroup section */
		1B037D2F2B54FA23009323C4 /* LaunchScreen.storyboard */ = {
			isa = PBXVariantGroup;
			children = (
				1B037D302B54FA23009323C4 /* Base */,
			);
			name = LaunchScreen.storyboard;
			sourceTree = "<group>";
		};
/* End PBXVariantGroup section */

/* Begin XCBuildConfiguration section */
		1B037D332B54FA23009323C4 /* Debug */ = {
			isa = XCBuildConfiguration;
			buildSettings = {
				ALWAYS_SEARCH_USER_PATHS = NO;
				ASSETCATALOG_COMPILER_GENERATE_SWIFT_ASSET_SYMBOL_EXTENSIONS = YES;
				CLANG_ANALYZER_NONNULL = YES;
				CLANG_ANALYZER_NUMBER_OBJECT_CONVERSION = YES_AGGRESSIVE;
				CLANG_CXX_LANGUAGE_STANDARD = "gnu++20";
				CLANG_ENABLE_MODULES = YES;
				CLANG_ENABLE_OBJC_ARC = YES;
				CLANG_ENABLE_OBJC_WEAK = YES;
				CLANG_WARN_BLOCK_CAPTURE_AUTORELEASING = YES;
				CLANG_WARN_BOOL_CONVERSION = YES;
				CLANG_WARN_COMMA = YES;
				CLANG_WARN_CONSTANT_CONVERSION = YES;
				CLANG_WARN_DEPRECATED_OBJC_IMPLEMENTATIONS = YES;
				CLANG_WARN_DIRECT_OBJC_ISA_USAGE = YES_ERROR;
				CLANG_WARN_DOCUMENTATION_COMMENTS = YES;
				CLANG_WARN_EMPTY_BODY = YES;
				CLANG_WARN_ENUM_CONVERSION = YES;
				CLANG_WARN_INFINITE_RECURSION = YES;
				CLANG_WARN_INT_CONVERSION = YES;
				CLANG_WARN_NON_LITERAL_NULL_CONVERSION = YES;
				CLANG_WARN_OBJC_IMPLICIT_RETAIN_SELF = YES;
				CLANG_WARN_OBJC_LITERAL_CONVERSION = YES;
				CLANG_WARN_OBJC_ROOT_CLASS = YES_ERROR;
				CLANG_WARN_QUOTED_INCLUDE_IN_FRAMEWORK_HEADER = YES;
				CLANG_WARN_RANGE_LOOP_ANALYSIS = YES;
				CLANG_WARN_STRICT_PROTOTYPES = YES;
				CLANG_WARN_SUSPICIOUS_MOVE = YES;
				CLANG_WARN_UNGUARDED_AVAILABILITY = YES_AGGRESSIVE;
				CLANG_WARN_UNREACHABLE_CODE = YES;
				CLANG_WARN__DUPLICATE_METHOD_MATCH = YES;
				COPY_PHASE_STRIP = NO;
				DEBUG_INFORMATION_FORMAT = dwarf;
				ENABLE_STRICT_OBJC_MSGSEND = YES;
				ENABLE_TESTABILITY = YES;
				ENABLE_USER_SCRIPT_SANDBOXING = YES;
				GCC_C_LANGUAGE_STANDARD = gnu17;
				GCC_DYNAMIC_NO_PIC = NO;
				GCC_NO_COMMON_BLOCKS = YES;
				GCC_OPTIMIZATION_LEVEL = 0;
				GCC_PREPROCESSOR_DEFINITIONS = (
					"DEBUG=1",
					"$(inherited)",
				);
				GCC_WARN_64_TO_32_BIT_CONVERSION = YES;
				GCC_WARN_ABOUT_RETURN_TYPE = YES_ERROR;
				GCC_WARN_UNDECLARED_SELECTOR = YES;
				GCC_WARN_UNINITIALIZED_AUTOS = YES_AGGRESSIVE;
				GCC_WARN_UNUSED_FUNCTION = YES;
				GCC_WARN_UNUSED_VARIABLE = YES;
				IPHONEOS_DEPLOYMENT_TARGET = 17.0;
				LOCALIZATION_PREFERS_STRING_CATALOGS = YES;
				MTL_ENABLE_DEBUG_INFO = INCLUDE_SOURCE;
				MTL_FAST_MATH = YES;
				ONLY_ACTIVE_ARCH = YES;
				SDKROOT = iphoneos;
				SWIFT_ACTIVE_COMPILATION_CONDITIONS = "DEBUG $(inherited)";
				SWIFT_OPTIMIZATION_LEVEL = "-Onone";
			};
			name = Debug;
		};
		1B037D342B54FA23009323C4 /* Release */ = {
			isa = XCBuildConfiguration;
			buildSettings = {
				ALWAYS_SEARCH_USER_PATHS = NO;
				ASSETCATALOG_COMPILER_GENERATE_SWIFT_ASSET_SYMBOL_EXTENSIONS = YES;
				CLANG_ANALYZER_NONNULL = YES;
				CLANG_ANALYZER_NUMBER_OBJECT_CONVERSION = YES_AGGRESSIVE;
				CLANG_CXX_LANGUAGE_STANDARD = "gnu++20";
				CLANG_ENABLE_MODULES = YES;
				CLANG_ENABLE_OBJC_ARC = YES;
				CLANG_ENABLE_OBJC_WEAK = YES;
				CLANG_WARN_BLOCK_CAPTURE_AUTORELEASING = YES;
				CLANG_WARN_BOOL_CONVERSION = YES;
				CLANG_WARN_COMMA = YES;
				CLANG_WARN_CONSTANT_CONVERSION = YES;
				CLANG_WARN_DEPRECATED_OBJC_IMPLEMENTATIONS = YES;
				CLANG_WARN_DIRECT_OBJC_ISA_USAGE = YES_ERROR;
				CLANG_WARN_DOCUMENTATION_COMMENTS = YES;
				CLANG_WARN_EMPTY_BODY = YES;
				CLANG_WARN_ENUM_CONVERSION = YES;
				CLANG_WARN_INFINITE_RECURSION = YES;
				CLANG_WARN_INT_CONVERSION = YES;
				CLANG_WARN_NON_LITERAL_NULL_CONVERSION = YES;
				CLANG_WARN_OBJC_IMPLICIT_RETAIN_SELF = YES;
				CLANG_WARN_OBJC_LITERAL_CONVERSION = YES;
				CLANG_WARN_OBJC_ROOT_CLASS = YES_ERROR;
				CLANG_WARN_QUOTED_INCLUDE_IN_FRAMEWORK_HEADER = YES;
				CLANG_WARN_RANGE_LOOP_ANALYSIS = YES;
				CLANG_WARN_STRICT_PROTOTYPES = YES;
				CLANG_WARN_SUSPICIOUS_MOVE = YES;
				CLANG_WARN_UNGUARDED_AVAILABILITY = YES_AGGRESSIVE;
				CLANG_WARN_UNREACHABLE_CODE = YES;
				CLANG_WARN__DUPLICATE_METHOD_MATCH = YES;
				COPY_PHASE_STRIP = NO;
				DEBUG_INFORMATION_FORMAT = "dwarf-with-dsym";
				ENABLE_NS_ASSERTIONS = NO;
				ENABLE_STRICT_OBJC_MSGSEND = YES;
				ENABLE_USER_SCRIPT_SANDBOXING = YES;
				GCC_C_LANGUAGE_STANDARD = gnu17;
				GCC_NO_COMMON_BLOCKS = YES;
				GCC_WARN_64_TO_32_BIT_CONVERSION = YES;
				GCC_WARN_ABOUT_RETURN_TYPE = YES_ERROR;
				GCC_WARN_UNDECLARED_SELECTOR = YES;
				GCC_WARN_UNINITIALIZED_AUTOS = YES_AGGRESSIVE;
				GCC_WARN_UNUSED_FUNCTION = YES;
				GCC_WARN_UNUSED_VARIABLE = YES;
				IPHONEOS_DEPLOYMENT_TARGET = 17.0;
				LOCALIZATION_PREFERS_STRING_CATALOGS = YES;
				MTL_ENABLE_DEBUG_INFO = NO;
				MTL_FAST_MATH = YES;
				SDKROOT = iphoneos;
				SWIFT_COMPILATION_MODE = wholemodule;
				VALIDATE_PRODUCT = YES;
			};
			name = Release;
		};
		1B037D362B54FA23009323C4 /* Debug */ = {
			isa = XCBuildConfiguration;
			buildSettings = {
				ASSETCATALOG_COMPILER_APPICON_NAME = AppIcon;
				ASSETCATALOG_COMPILER_GLOBAL_ACCENT_COLOR_NAME = AccentColor;
				CODE_SIGN_STYLE = Automatic;
				CURRENT_PROJECT_VERSION = 1;
				GENERATE_INFOPLIST_FILE = YES;
				INFOPLIST_FILE = "NBCAMP-movie-team1/Info.plist";
				INFOPLIST_KEY_UIApplicationSupportsIndirectInputEvents = YES;
				INFOPLIST_KEY_UILaunchStoryboardName = LaunchScreen;
				INFOPLIST_KEY_UISupportedInterfaceOrientations_iPad = "UIInterfaceOrientationPortrait UIInterfaceOrientationPortraitUpsideDown UIInterfaceOrientationLandscapeLeft UIInterfaceOrientationLandscapeRight";
				INFOPLIST_KEY_UISupportedInterfaceOrientations_iPhone = "UIInterfaceOrientationPortrait UIInterfaceOrientationLandscapeLeft UIInterfaceOrientationLandscapeRight";
				IPHONEOS_DEPLOYMENT_TARGET = 16.0;
				LD_RUNPATH_SEARCH_PATHS = (
					"$(inherited)",
					"@executable_path/Frameworks",
				);
				MARKETING_VERSION = 1.0;
				PRODUCT_BUNDLE_IDENTIFIER = "com.yenny42.NBCAMP-movie-team1";
				PRODUCT_NAME = "$(TARGET_NAME)";
				SWIFT_EMIT_LOC_STRINGS = YES;
				SWIFT_VERSION = 5.0;
				TARGETED_DEVICE_FAMILY = "1,2";
			};
			name = Debug;
		};
		1B037D372B54FA23009323C4 /* Release */ = {
			isa = XCBuildConfiguration;
			buildSettings = {
				ASSETCATALOG_COMPILER_APPICON_NAME = AppIcon;
				ASSETCATALOG_COMPILER_GLOBAL_ACCENT_COLOR_NAME = AccentColor;
				CODE_SIGN_STYLE = Automatic;
				CURRENT_PROJECT_VERSION = 1;
				GENERATE_INFOPLIST_FILE = YES;
				INFOPLIST_FILE = "NBCAMP-movie-team1/Info.plist";
				INFOPLIST_KEY_UIApplicationSupportsIndirectInputEvents = YES;
				INFOPLIST_KEY_UILaunchStoryboardName = LaunchScreen;
				INFOPLIST_KEY_UISupportedInterfaceOrientations_iPad = "UIInterfaceOrientationPortrait UIInterfaceOrientationPortraitUpsideDown UIInterfaceOrientationLandscapeLeft UIInterfaceOrientationLandscapeRight";
				INFOPLIST_KEY_UISupportedInterfaceOrientations_iPhone = "UIInterfaceOrientationPortrait UIInterfaceOrientationLandscapeLeft UIInterfaceOrientationLandscapeRight";
				IPHONEOS_DEPLOYMENT_TARGET = 16.0;
				LD_RUNPATH_SEARCH_PATHS = (
					"$(inherited)",
					"@executable_path/Frameworks",
				);
				MARKETING_VERSION = 1.0;
				PRODUCT_BUNDLE_IDENTIFIER = "com.yenny42.NBCAMP-movie-team1";
				PRODUCT_NAME = "$(TARGET_NAME)";
				SWIFT_EMIT_LOC_STRINGS = YES;
				SWIFT_VERSION = 5.0;
				TARGETED_DEVICE_FAMILY = "1,2";
			};
			name = Release;
		};
/* End XCBuildConfiguration section */

/* Begin XCConfigurationList section */
		1B037D1C2B54FA22009323C4 /* Build configuration list for PBXProject "NBCAMP-movie-team1" */ = {
			isa = XCConfigurationList;
			buildConfigurations = (
				1B037D332B54FA23009323C4 /* Debug */,
				1B037D342B54FA23009323C4 /* Release */,
			);
			defaultConfigurationIsVisible = 0;
			defaultConfigurationName = Release;
		};
		1B037D352B54FA23009323C4 /* Build configuration list for PBXNativeTarget "NBCAMP-movie-team1" */ = {
			isa = XCConfigurationList;
			buildConfigurations = (
				1B037D362B54FA23009323C4 /* Debug */,
				1B037D372B54FA23009323C4 /* Release */,
			);
			defaultConfigurationIsVisible = 0;
			defaultConfigurationName = Release;
		};
/* End XCConfigurationList section */
	};
	rootObject = 1B037D192B54FA22009323C4 /* Project object */;
}
